// !$*UTF8*$!
{
	archiveVersion = 1;
	classes = {
	};
	objectVersion = 48;
	objects = {

/* Begin PBXBuildFile section */
		220CD7DF201B5C97001B1D2D /* TaskExtension.swift in Sources */ = {isa = PBXBuildFile; fileRef = 220CD7DE201B5C97001B1D2D /* TaskExtension.swift */; };
		220CD7E1201B5CDC001B1D2D /* DateExtension.swift in Sources */ = {isa = PBXBuildFile; fileRef = 220CD7E0201B5CDC001B1D2D /* DateExtension.swift */; };
		22162C442011D694000AAED5 /* TaskListController.swift in Sources */ = {isa = PBXBuildFile; fileRef = 22162C432011D694000AAED5 /* TaskListController.swift */; };
		22759C711FDEA6E500E9A1E0 /* AppDelegate.swift in Sources */ = {isa = PBXBuildFile; fileRef = 22759C701FDEA6E500E9A1E0 /* AppDelegate.swift */; };
		22759C731FDEA6E500E9A1E0 /* TaskDetailsController.swift in Sources */ = {isa = PBXBuildFile; fileRef = 22759C721FDEA6E500E9A1E0 /* TaskDetailsController.swift */; };
		22759C791FDEA6E500E9A1E0 /* Planner.xcdatamodeld in Sources */ = {isa = PBXBuildFile; fileRef = 22759C771FDEA6E500E9A1E0 /* Planner.xcdatamodeld */; };
		22759C7B1FDEA6E500E9A1E0 /* Assets.xcassets in Resources */ = {isa = PBXBuildFile; fileRef = 22759C7A1FDEA6E500E9A1E0 /* Assets.xcassets */; };
		22759C7E1FDEA6E500E9A1E0 /* LaunchScreen.storyboard in Resources */ = {isa = PBXBuildFile; fileRef = 22759C7C1FDEA6E500E9A1E0 /* LaunchScreen.storyboard */; };
		22A98B802025922E0051183B /* PriorityDaoDbImpl.swift in Sources */ = {isa = PBXBuildFile; fileRef = 22A98B7D2025922E0051183B /* PriorityDaoDbImpl.swift */; };
		22A98B812025922E0051183B /* CategoryDaoDbImpl.swift in Sources */ = {isa = PBXBuildFile; fileRef = 22A98B7E2025922E0051183B /* CategoryDaoDbImpl.swift */; };
		22A98B822025922E0051183B /* TaskDaoDbImpl.swift in Sources */ = {isa = PBXBuildFile; fileRef = 22A98B7F2025922E0051183B /* TaskDaoDbImpl.swift */; };
		22E01EC82014C2FB004B5989 /* TaskListCell.swift in Sources */ = {isa = PBXBuildFile; fileRef = 22E01EC72014C2FB004B5989 /* TaskListCell.swift */; };
		22E92C751FE16FC3001F8493 /* Main.storyboard in Resources */ = {isa = PBXBuildFile; fileRef = 22E92C741FE16FC3001F8493 /* Main.storyboard */; };
		6849E896E9C1BD1F3E80674B /* Pods_Planner.framework in Frameworks */ = {isa = PBXBuildFile; fileRef = 9E5D4E37B0D3049F337135EB /* Pods_Planner.framework */; };
		B50B860821A7336200AD0AB8 /* Crud.swift in Sources */ = {isa = PBXBuildFile; fileRef = B50B860721A7336200AD0AB8 /* Crud.swift */; };
		B50B860A21A7397700AD0AB8 /* CrudExtension.swift in Sources */ = {isa = PBXBuildFile; fileRef = B50B860921A7397700AD0AB8 /* CrudExtension.swift */; };
		B522E33321A9761B00B8FAF8 /* TaskNameCell.swift in Sources */ = {isa = PBXBuildFile; fileRef = B522E33221A9761B00B8FAF8 /* TaskNameCell.swift */; };
		B522E33521A9783200B8FAF8 /* TaskCategoryCell.swift in Sources */ = {isa = PBXBuildFile; fileRef = B522E33421A9783200B8FAF8 /* TaskCategoryCell.swift */; };
		B522E33721A98DFB00B8FAF8 /* TaskPriorityCell.swift in Sources */ = {isa = PBXBuildFile; fileRef = B522E33621A98DFB00B8FAF8 /* TaskPriorityCell.swift */; };
		B522E33921A98E2E00B8FAF8 /* TaskDeadlineCell.swift in Sources */ = {isa = PBXBuildFile; fileRef = B522E33821A98E2E00B8FAF8 /* TaskDeadlineCell.swift */; };
		B522E33B21A98E3E00B8FAF8 /* TaskInfoCell.swift in Sources */ = {isa = PBXBuildFile; fileRef = B522E33A21A98E3E00B8FAF8 /* TaskInfoCell.swift */; };
		B522E34021A9A20B00B8FAF8 /* ActionResultsDelegate.swift in Sources */ = {isa = PBXBuildFile; fileRef = B522E33F21A9A20B00B8FAF8 /* ActionResultsDelegate.swift */; };
		B522E34321A9D58200B8FAF8 /* CategoryListController.swift in Sources */ = {isa = PBXBuildFile; fileRef = B522E34221A9D58200B8FAF8 /* CategoryListController.swift */; };
		B522E34521A9D5FF00B8FAF8 /* CategoryListCell.swift in Sources */ = {isa = PBXBuildFile; fileRef = B522E34421A9D5FF00B8FAF8 /* CategoryListCell.swift */; };
		B522E34721A9DFC200B8FAF8 /* PriorityListCell.swift in Sources */ = {isa = PBXBuildFile; fileRef = B522E34621A9DFC200B8FAF8 /* PriorityListCell.swift */; };
		B522E34B21A9E07800B8FAF8 /* PriorityListController.swift in Sources */ = {isa = PBXBuildFile; fileRef = B522E34A21A9E07800B8FAF8 /* PriorityListController.swift */; };
		B522E34D21AAEFEA00B8FAF8 /* DictonaryController.swift in Sources */ = {isa = PBXBuildFile; fileRef = B522E34C21AAEFEA00B8FAF8 /* DictonaryController.swift */; };
		B522E35021AAFE4E00B8FAF8 /* AreaTapButton.swift in Sources */ = {isa = PBXBuildFile; fileRef = B522E34F21AAFE4E00B8FAF8 /* AreaTapButton.swift */; };
		B522E35221AB2AE800B8FAF8 /* TaskInfoController.swift in Sources */ = {isa = PBXBuildFile; fileRef = B522E35121AB2AE800B8FAF8 /* TaskInfoController.swift */; };
		B546231E21AE617000B81B1F /* CommonSearchDAO.swift in Sources */ = {isa = PBXBuildFile; fileRef = B546231D21AE617000B81B1F /* CommonSearchDAO.swift */; };
		B55C20F221B3252B006B1310 /* DatetimePickerController.swift in Sources */ = {isa = PBXBuildFile; fileRef = B55C20F121B3252B006B1310 /* DatetimePickerController.swift */; };
		B55C20F421B3263D006B1310 /* UIViewControllerExtension.swift in Sources */ = {isa = PBXBuildFile; fileRef = B55C20F321B3263D006B1310 /* UIViewControllerExtension.swift */; };
		B55C20F621B4607F006B1310 /* SideMenu.framework in Frameworks */ = {isa = PBXBuildFile; fileRef = B55C20F521B4607F006B1310 /* SideMenu.framework */; };
		B55C20F921B46610006B1310 /* SideMenuController.swift in Sources */ = {isa = PBXBuildFile; fileRef = B55C20F821B46610006B1310 /* SideMenuController.swift */; };
		B55C20FC21B46659006B1310 /* SideMenuCell.swift in Sources */ = {isa = PBXBuildFile; fileRef = B55C20FB21B46659006B1310 /* SideMenuCell.swift */; };
		B5A411FB21B0659D008C281F /* GCCalendar.framework in Frameworks */ = {isa = PBXBuildFile; fileRef = B5A411FA21B0659D008C281F /* GCCalendar.framework */; };
		B5F4524F21AD9F0800711BE4 /* QuickTaskCell.swift in Sources */ = {isa = PBXBuildFile; fileRef = B5F4524E21AD9F0800711BE4 /* QuickTaskCell.swift */; };
/* End PBXBuildFile section */

/* Begin PBXFileReference section */
		220CD7DE201B5C97001B1D2D /* TaskExtension.swift */ = {isa = PBXFileReference; lastKnownFileType = sourcecode.swift; path = TaskExtension.swift; sourceTree = "<group>"; };
		220CD7E0201B5CDC001B1D2D /* DateExtension.swift */ = {isa = PBXFileReference; lastKnownFileType = sourcecode.swift; path = DateExtension.swift; sourceTree = "<group>"; };
		22162C432011D694000AAED5 /* TaskListController.swift */ = {isa = PBXFileReference; lastKnownFileType = sourcecode.swift; path = TaskListController.swift; sourceTree = "<group>"; };
		22759C6D1FDEA6E500E9A1E0 /* Planner.app */ = {isa = PBXFileReference; explicitFileType = wrapper.application; includeInIndex = 0; path = Planner.app; sourceTree = BUILT_PRODUCTS_DIR; };
		22759C701FDEA6E500E9A1E0 /* AppDelegate.swift */ = {isa = PBXFileReference; lastKnownFileType = sourcecode.swift; path = AppDelegate.swift; sourceTree = "<group>"; };
		22759C721FDEA6E500E9A1E0 /* TaskDetailsController.swift */ = {isa = PBXFileReference; lastKnownFileType = sourcecode.swift; path = TaskDetailsController.swift; sourceTree = "<group>"; };
		22759C781FDEA6E500E9A1E0 /* Planner.xcdatamodel */ = {isa = PBXFileReference; lastKnownFileType = wrapper.xcdatamodel; path = Planner.xcdatamodel; sourceTree = "<group>"; };
		22759C7A1FDEA6E500E9A1E0 /* Assets.xcassets */ = {isa = PBXFileReference; lastKnownFileType = folder.assetcatalog; path = Assets.xcassets; sourceTree = "<group>"; };
		22759C7D1FDEA6E500E9A1E0 /* Base */ = {isa = PBXFileReference; lastKnownFileType = file.storyboard; name = Base; path = Base.lproj/LaunchScreen.storyboard; sourceTree = "<group>"; };
		22759C7F1FDEA6E500E9A1E0 /* Info.plist */ = {isa = PBXFileReference; lastKnownFileType = text.plist.xml; path = Info.plist; sourceTree = "<group>"; };
		22A98B7D2025922E0051183B /* PriorityDaoDbImpl.swift */ = {isa = PBXFileReference; fileEncoding = 4; lastKnownFileType = sourcecode.swift; path = PriorityDaoDbImpl.swift; sourceTree = "<group>"; };
		22A98B7E2025922E0051183B /* CategoryDaoDbImpl.swift */ = {isa = PBXFileReference; fileEncoding = 4; lastKnownFileType = sourcecode.swift; path = CategoryDaoDbImpl.swift; sourceTree = "<group>"; };
		22A98B7F2025922E0051183B /* TaskDaoDbImpl.swift */ = {isa = PBXFileReference; fileEncoding = 4; lastKnownFileType = sourcecode.swift; path = TaskDaoDbImpl.swift; sourceTree = "<group>"; };
		22E01EC72014C2FB004B5989 /* TaskListCell.swift */ = {isa = PBXFileReference; lastKnownFileType = sourcecode.swift; path = TaskListCell.swift; sourceTree = "<group>"; };
		22E92C741FE16FC3001F8493 /* Main.storyboard */ = {isa = PBXFileReference; lastKnownFileType = file.storyboard; path = Main.storyboard; sourceTree = "<group>"; };
		9979425144FBD7CD114CA42F /* Pods-Planner.debug.xcconfig */ = {isa = PBXFileReference; includeInIndex = 1; lastKnownFileType = text.xcconfig; name = "Pods-Planner.debug.xcconfig"; path = "Pods/Target Support Files/Pods-Planner/Pods-Planner.debug.xcconfig"; sourceTree = "<group>"; };
		9E5D4E37B0D3049F337135EB /* Pods_Planner.framework */ = {isa = PBXFileReference; explicitFileType = wrapper.framework; includeInIndex = 0; path = Pods_Planner.framework; sourceTree = BUILT_PRODUCTS_DIR; };
		B50B860721A7336200AD0AB8 /* Crud.swift */ = {isa = PBXFileReference; lastKnownFileType = sourcecode.swift; path = Crud.swift; sourceTree = "<group>"; };
		B50B860921A7397700AD0AB8 /* CrudExtension.swift */ = {isa = PBXFileReference; lastKnownFileType = sourcecode.swift; path = CrudExtension.swift; sourceTree = "<group>"; };
		B522E33221A9761B00B8FAF8 /* TaskNameCell.swift */ = {isa = PBXFileReference; lastKnownFileType = sourcecode.swift; path = TaskNameCell.swift; sourceTree = "<group>"; };
		B522E33421A9783200B8FAF8 /* TaskCategoryCell.swift */ = {isa = PBXFileReference; lastKnownFileType = sourcecode.swift; path = TaskCategoryCell.swift; sourceTree = "<group>"; };
		B522E33621A98DFB00B8FAF8 /* TaskPriorityCell.swift */ = {isa = PBXFileReference; lastKnownFileType = sourcecode.swift; path = TaskPriorityCell.swift; sourceTree = "<group>"; };
		B522E33821A98E2E00B8FAF8 /* TaskDeadlineCell.swift */ = {isa = PBXFileReference; lastKnownFileType = sourcecode.swift; path = TaskDeadlineCell.swift; sourceTree = "<group>"; };
		B522E33A21A98E3E00B8FAF8 /* TaskInfoCell.swift */ = {isa = PBXFileReference; lastKnownFileType = sourcecode.swift; path = TaskInfoCell.swift; sourceTree = "<group>"; };
		B522E33F21A9A20B00B8FAF8 /* ActionResultsDelegate.swift */ = {isa = PBXFileReference; lastKnownFileType = sourcecode.swift; path = ActionResultsDelegate.swift; sourceTree = "<group>"; };
		B522E34221A9D58200B8FAF8 /* CategoryListController.swift */ = {isa = PBXFileReference; lastKnownFileType = sourcecode.swift; path = CategoryListController.swift; sourceTree = "<group>"; };
		B522E34421A9D5FF00B8FAF8 /* CategoryListCell.swift */ = {isa = PBXFileReference; lastKnownFileType = sourcecode.swift; path = CategoryListCell.swift; sourceTree = "<group>"; };
		B522E34621A9DFC200B8FAF8 /* PriorityListCell.swift */ = {isa = PBXFileReference; lastKnownFileType = sourcecode.swift; path = PriorityListCell.swift; sourceTree = "<group>"; };
		B522E34A21A9E07800B8FAF8 /* PriorityListController.swift */ = {isa = PBXFileReference; lastKnownFileType = sourcecode.swift; path = PriorityListController.swift; sourceTree = "<group>"; };
		B522E34C21AAEFEA00B8FAF8 /* DictonaryController.swift */ = {isa = PBXFileReference; lastKnownFileType = sourcecode.swift; path = DictonaryController.swift; sourceTree = "<group>"; };
		B522E34F21AAFE4E00B8FAF8 /* AreaTapButton.swift */ = {isa = PBXFileReference; lastKnownFileType = sourcecode.swift; path = AreaTapButton.swift; sourceTree = "<group>"; };
		B522E35121AB2AE800B8FAF8 /* TaskInfoController.swift */ = {isa = PBXFileReference; lastKnownFileType = sourcecode.swift; path = TaskInfoController.swift; sourceTree = "<group>"; };
		B546231D21AE617000B81B1F /* CommonSearchDAO.swift */ = {isa = PBXFileReference; lastKnownFileType = sourcecode.swift; path = CommonSearchDAO.swift; sourceTree = "<group>"; };
		B55C20F121B3252B006B1310 /* DatetimePickerController.swift */ = {isa = PBXFileReference; lastKnownFileType = sourcecode.swift; path = DatetimePickerController.swift; sourceTree = "<group>"; };
		B55C20F321B3263D006B1310 /* UIViewControllerExtension.swift */ = {isa = PBXFileReference; lastKnownFileType = sourcecode.swift; path = UIViewControllerExtension.swift; sourceTree = "<group>"; };
		B55C20F521B4607F006B1310 /* SideMenu.framework */ = {isa = PBXFileReference; explicitFileType = wrapper.framework; path = SideMenu.framework; sourceTree = BUILT_PRODUCTS_DIR; };
		B55C20F821B46610006B1310 /* SideMenuController.swift */ = {isa = PBXFileReference; lastKnownFileType = sourcecode.swift; path = SideMenuController.swift; sourceTree = "<group>"; };
		B55C20FB21B46659006B1310 /* SideMenuCell.swift */ = {isa = PBXFileReference; lastKnownFileType = sourcecode.swift; path = SideMenuCell.swift; sourceTree = "<group>"; };
		B5A411FA21B0659D008C281F /* GCCalendar.framework */ = {isa = PBXFileReference; explicitFileType = wrapper.framework; path = GCCalendar.framework; sourceTree = BUILT_PRODUCTS_DIR; };
		B5F4524E21AD9F0800711BE4 /* QuickTaskCell.swift */ = {isa = PBXFileReference; lastKnownFileType = sourcecode.swift; path = QuickTaskCell.swift; sourceTree = "<group>"; };
		DE5F7B5628D869D5E10739A7 /* Pods-Planner.release.xcconfig */ = {isa = PBXFileReference; includeInIndex = 1; lastKnownFileType = text.xcconfig; name = "Pods-Planner.release.xcconfig"; path = "Pods/Target Support Files/Pods-Planner/Pods-Planner.release.xcconfig"; sourceTree = "<group>"; };
/* End PBXFileReference section */

/* Begin PBXFrameworksBuildPhase section */
		22759C6A1FDEA6E500E9A1E0 /* Frameworks */ = {
			isa = PBXFrameworksBuildPhase;
			buildActionMask = 2147483647;
			files = (
				B55C20F621B4607F006B1310 /* SideMenu.framework in Frameworks */,
				B5A411FB21B0659D008C281F /* GCCalendar.framework in Frameworks */,
				6849E896E9C1BD1F3E80674B /* Pods_Planner.framework in Frameworks */,
			);
			runOnlyForDeploymentPostprocessing = 0;
		};
/* End PBXFrameworksBuildPhase section */

/* Begin PBXGroup section */
		0B5A073FA9189EF526DBB3F8 /* Frameworks */ = {
			isa = PBXGroup;
			children = (
				B55C20F521B4607F006B1310 /* SideMenu.framework */,
				B5A411FA21B0659D008C281F /* GCCalendar.framework */,
				9E5D4E37B0D3049F337135EB /* Pods_Planner.framework */,
			);
			name = Frameworks;
			sourceTree = "<group>";
		};
		0C2397DA9233703DFB097FC3 /* Pods */ = {
			isa = PBXGroup;
			children = (
				9979425144FBD7CD114CA42F /* Pods-Planner.debug.xcconfig */,
				DE5F7B5628D869D5E10739A7 /* Pods-Planner.release.xcconfig */,
			);
			name = Pods;
			sourceTree = "<group>";
		};
		220CD7DD201B5C86001B1D2D /* Extensions */ = {
			isa = PBXGroup;
			children = (
				B50B860921A7397700AD0AB8 /* CrudExtension.swift */,
				220CD7DE201B5C97001B1D2D /* TaskExtension.swift */,
				220CD7E0201B5CDC001B1D2D /* DateExtension.swift */,
				B55C20F321B3263D006B1310 /* UIViewControllerExtension.swift */,
			);
			path = Extensions;
			sourceTree = "<group>";
		};
		22162C402011D5C0000AAED5 /* Controllers */ = {
			isa = PBXGroup;
			children = (
				B55C20F721B465E2006B1310 /* Menu */,
				B522E34121A9D53B00B8FAF8 /* TaskDetails */,
				22162C412011D5D4000AAED5 /* List */,
			);
			path = Controllers;
			sourceTree = "<group>";
		};
		22162C412011D5D4000AAED5 /* List */ = {
			isa = PBXGroup;
			children = (
				22162C432011D694000AAED5 /* TaskListController.swift */,
				B522E34221A9D58200B8FAF8 /* CategoryListController.swift */,
				B522E34A21A9E07800B8FAF8 /* PriorityListController.swift */,
				B522E34C21AAEFEA00B8FAF8 /* DictonaryController.swift */,
			);
			path = List;
			sourceTree = "<group>";
		};
		22162C422011D60C000AAED5 /* Storyboards */ = {
			isa = PBXGroup;
			children = (
				22E92C741FE16FC3001F8493 /* Main.storyboard */,
				22759C7C1FDEA6E500E9A1E0 /* LaunchScreen.storyboard */,
			);
			path = Storyboards;
			sourceTree = "<group>";
		};
		22759C641FDEA6E500E9A1E0 = {
			isa = PBXGroup;
			children = (
				22759C6F1FDEA6E500E9A1E0 /* Planner */,
				22759C6E1FDEA6E500E9A1E0 /* Products */,
				0C2397DA9233703DFB097FC3 /* Pods */,
				0B5A073FA9189EF526DBB3F8 /* Frameworks */,
			);
			sourceTree = "<group>";
		};
		22759C6E1FDEA6E500E9A1E0 /* Products */ = {
			isa = PBXGroup;
			children = (
				22759C6D1FDEA6E500E9A1E0 /* Planner.app */,
			);
			name = Products;
			sourceTree = "<group>";
		};
		22759C6F1FDEA6E500E9A1E0 /* Planner */ = {
			isa = PBXGroup;
			children = (
				B522E34E21AAFE2300B8FAF8 /* UIViews */,
				B522E33E21A9A1F300B8FAF8 /* Delegates */,
				22A98B7C202592090051183B /* DaoImpl */,
				22A98B75202588790051183B /* DAO */,
				220CD7DD201B5C86001B1D2D /* Extensions */,
				22E01EC62014C2A5004B5989 /* Cells */,
				22162C422011D60C000AAED5 /* Storyboards */,
				22162C402011D5C0000AAED5 /* Controllers */,
				22759C701FDEA6E500E9A1E0 /* AppDelegate.swift */,
				22759C7A1FDEA6E500E9A1E0 /* Assets.xcassets */,
				22759C7F1FDEA6E500E9A1E0 /* Info.plist */,
				22759C771FDEA6E500E9A1E0 /* Planner.xcdatamodeld */,
			);
			path = Planner;
			sourceTree = "<group>";
		};
		22A98B75202588790051183B /* DAO */ = {
			isa = PBXGroup;
			children = (
				B50B860721A7336200AD0AB8 /* Crud.swift */,
				B546231D21AE617000B81B1F /* CommonSearchDAO.swift */,
			);
			path = DAO;
			sourceTree = "<group>";
		};
		22A98B7C202592090051183B /* DaoImpl */ = {
			isa = PBXGroup;
			children = (
				22A98B7E2025922E0051183B /* CategoryDaoDbImpl.swift */,
				22A98B7D2025922E0051183B /* PriorityDaoDbImpl.swift */,
				22A98B7F2025922E0051183B /* TaskDaoDbImpl.swift */,
			);
			path = DaoImpl;
			sourceTree = "<group>";
		};
		22E01EC62014C2A5004B5989 /* Cells */ = {
			isa = PBXGroup;
			children = (
				B55C20FA21B4662D006B1310 /* Menu */,
				B522E33C21A99A1F00B8FAF8 /* TaskDetails */,
				B522E33D21A99A2D00B8FAF8 /* List */,
			);
			path = Cells;
			sourceTree = "<group>";
		};
		B522E33C21A99A1F00B8FAF8 /* TaskDetails */ = {
			isa = PBXGroup;
			children = (
				B522E33221A9761B00B8FAF8 /* TaskNameCell.swift */,
				B522E33421A9783200B8FAF8 /* TaskCategoryCell.swift */,
				B522E33621A98DFB00B8FAF8 /* TaskPriorityCell.swift */,
				B522E33821A98E2E00B8FAF8 /* TaskDeadlineCell.swift */,
				B522E33A21A98E3E00B8FAF8 /* TaskInfoCell.swift */,
			);
			path = TaskDetails;
			sourceTree = "<group>";
		};
		B522E33D21A99A2D00B8FAF8 /* List */ = {
			isa = PBXGroup;
			children = (
				22E01EC72014C2FB004B5989 /* TaskListCell.swift */,
				B5F4524E21AD9F0800711BE4 /* QuickTaskCell.swift */,
				B522E34421A9D5FF00B8FAF8 /* CategoryListCell.swift */,
				B522E34621A9DFC200B8FAF8 /* PriorityListCell.swift */,
			);
			path = List;
			sourceTree = "<group>";
		};
		B522E33E21A9A1F300B8FAF8 /* Delegates */ = {
			isa = PBXGroup;
			children = (
				B522E33F21A9A20B00B8FAF8 /* ActionResultsDelegate.swift */,
			);
			path = Delegates;
			sourceTree = "<group>";
		};
		B522E34121A9D53B00B8FAF8 /* TaskDetails */ = {
			isa = PBXGroup;
			children = (
				22759C721FDEA6E500E9A1E0 /* TaskDetailsController.swift */,
				B522E35121AB2AE800B8FAF8 /* TaskInfoController.swift */,
				B55C20F121B3252B006B1310 /* DatetimePickerController.swift */,
			);
			path = TaskDetails;
			sourceTree = "<group>";
		};
		B522E34E21AAFE2300B8FAF8 /* UIViews */ = {
			isa = PBXGroup;
			children = (
				B522E34F21AAFE4E00B8FAF8 /* AreaTapButton.swift */,
			);
			path = UIViews;
			sourceTree = "<group>";
		};
		B55C20F721B465E2006B1310 /* Menu */ = {
			isa = PBXGroup;
			children = (
				B55C20F821B46610006B1310 /* SideMenuController.swift */,
			);
			path = Menu;
			sourceTree = "<group>";
		};
		B55C20FA21B4662D006B1310 /* Menu */ = {
			isa = PBXGroup;
			children = (
				B55C20FB21B46659006B1310 /* SideMenuCell.swift */,
			);
			path = Menu;
			sourceTree = "<group>";
		};
/* End PBXGroup section */

/* Begin PBXNativeTarget section */
		22759C6C1FDEA6E500E9A1E0 /* Planner */ = {
			isa = PBXNativeTarget;
			buildConfigurationList = 22759C821FDEA6E500E9A1E0 /* Build configuration list for PBXNativeTarget "Planner" */;
			buildPhases = (
				FC25659B59351F82AADC89BD /* [CP] Check Pods Manifest.lock */,
				22759C691FDEA6E500E9A1E0 /* Sources */,
				22759C6A1FDEA6E500E9A1E0 /* Frameworks */,
				22759C6B1FDEA6E500E9A1E0 /* Resources */,
				368843310CE49438A0D2AE19 /* [CP] Embed Pods Frameworks */,
			);
			buildRules = (
			);
			dependencies = (
			);
			name = Planner;
			productName = Planner;
			productReference = 22759C6D1FDEA6E500E9A1E0 /* Planner.app */;
			productType = "com.apple.product-type.application";
		};
/* End PBXNativeTarget section */

/* Begin PBXProject section */
		22759C651FDEA6E500E9A1E0 /* Project object */ = {
			isa = PBXProject;
			attributes = {
				LastSwiftUpdateCheck = 0920;
				LastUpgradeCheck = 1010;
				ORGANIZATIONNAME = Tim;
				TargetAttributes = {
					22759C6C1FDEA6E500E9A1E0 = {
						CreatedOnToolsVersion = 9.2;
						LastSwiftMigration = 1010;
						ProvisioningStyle = Automatic;
					};
				};
			};
			buildConfigurationList = 22759C681FDEA6E500E9A1E0 /* Build configuration list for PBXProject "Planner" */;
			compatibilityVersion = "Xcode 8.0";
			developmentRegion = en;
			hasScannedForEncodings = 0;
			knownRegions = (
				en,
				Base,
			);
			mainGroup = 22759C641FDEA6E500E9A1E0;
			productRefGroup = 22759C6E1FDEA6E500E9A1E0 /* Products */;
			projectDirPath = "";
			projectRoot = "";
			targets = (
				22759C6C1FDEA6E500E9A1E0 /* Planner */,
			);
		};
/* End PBXProject section */

/* Begin PBXResourcesBuildPhase section */
		22759C6B1FDEA6E500E9A1E0 /* Resources */ = {
			isa = PBXResourcesBuildPhase;
			buildActionMask = 2147483647;
			files = (
				22759C7E1FDEA6E500E9A1E0 /* LaunchScreen.storyboard in Resources */,
				22759C7B1FDEA6E500E9A1E0 /* Assets.xcassets in Resources */,
				22E92C751FE16FC3001F8493 /* Main.storyboard in Resources */,
			);
			runOnlyForDeploymentPostprocessing = 0;
		};
/* End PBXResourcesBuildPhase section */

/* Begin PBXShellScriptBuildPhase section */
		368843310CE49438A0D2AE19 /* [CP] Embed Pods Frameworks */ = {
			isa = PBXShellScriptBuildPhase;
			buildActionMask = 2147483647;
			files = (
			);
			inputFileListPaths = (
			);
			inputPaths = (
				"${SRCROOT}/Pods/Target Support Files/Pods-Planner/Pods-Planner-frameworks.sh",
				"${BUILT_PRODUCTS_DIR}/GCCalendar/GCCalendar.framework",
				"${BUILT_PRODUCTS_DIR}/SideMenu/SideMenu.framework",
			);
			name = "[CP] Embed Pods Frameworks";
			outputFileListPaths = (
			);
			outputPaths = (
				"${TARGET_BUILD_DIR}/${FRAMEWORKS_FOLDER_PATH}/GCCalendar.framework",
				"${TARGET_BUILD_DIR}/${FRAMEWORKS_FOLDER_PATH}/SideMenu.framework",
			);
			runOnlyForDeploymentPostprocessing = 0;
			shellPath = /bin/sh;
			shellScript = "\"${SRCROOT}/Pods/Target Support Files/Pods-Planner/Pods-Planner-frameworks.sh\"\n";
			showEnvVarsInLog = 0;
		};
		FC25659B59351F82AADC89BD /* [CP] Check Pods Manifest.lock */ = {
			isa = PBXShellScriptBuildPhase;
			buildActionMask = 2147483647;
			files = (
			);
			inputFileListPaths = (
			);
			inputPaths = (
				"${PODS_PODFILE_DIR_PATH}/Podfile.lock",
				"${PODS_ROOT}/Manifest.lock",
			);
			name = "[CP] Check Pods Manifest.lock";
			outputFileListPaths = (
			);
			outputPaths = (
				"$(DERIVED_FILE_DIR)/Pods-Planner-checkManifestLockResult.txt",
			);
			runOnlyForDeploymentPostprocessing = 0;
			shellPath = /bin/sh;
			shellScript = "diff \"${PODS_PODFILE_DIR_PATH}/Podfile.lock\" \"${PODS_ROOT}/Manifest.lock\" > /dev/null\nif [ $? != 0 ] ; then\n    # print error to STDERR\n    echo \"error: The sandbox is not in sync with the Podfile.lock. Run 'pod install' or update your CocoaPods installation.\" >&2\n    exit 1\nfi\n# This output is used by Xcode 'outputs' to avoid re-running this script phase.\necho \"SUCCESS\" > \"${SCRIPT_OUTPUT_FILE_0}\"\n";
			showEnvVarsInLog = 0;
		};
/* End PBXShellScriptBuildPhase section */

/* Begin PBXSourcesBuildPhase section */
		22759C691FDEA6E500E9A1E0 /* Sources */ = {
			isa = PBXSourcesBuildPhase;
			buildActionMask = 2147483647;
			files = (
				B522E35021AAFE4E00B8FAF8 /* AreaTapButton.swift in Sources */,
				B522E35221AB2AE800B8FAF8 /* TaskInfoController.swift in Sources */,
				B55C20FC21B46659006B1310 /* SideMenuCell.swift in Sources */,
				220CD7DF201B5C97001B1D2D /* TaskExtension.swift in Sources */,
				B50B860A21A7397700AD0AB8 /* CrudExtension.swift in Sources */,
				B55C20F221B3252B006B1310 /* DatetimePickerController.swift in Sources */,
				220CD7E1201B5CDC001B1D2D /* DateExtension.swift in Sources */,
				22759C731FDEA6E500E9A1E0 /* TaskDetailsController.swift in Sources */,
				B5F4524F21AD9F0800711BE4 /* QuickTaskCell.swift in Sources */,
				22A98B812025922E0051183B /* CategoryDaoDbImpl.swift in Sources */,
				B522E34021A9A20B00B8FAF8 /* ActionResultsDelegate.swift in Sources */,
				B50B860821A7336200AD0AB8 /* Crud.swift in Sources */,
				B522E34321A9D58200B8FAF8 /* CategoryListController.swift in Sources */,
				22759C711FDEA6E500E9A1E0 /* AppDelegate.swift in Sources */,
				B522E34721A9DFC200B8FAF8 /* PriorityListCell.swift in Sources */,
				B546231E21AE617000B81B1F /* CommonSearchDAO.swift in Sources */,
				B55C20F421B3263D006B1310 /* UIViewControllerExtension.swift in Sources */,
				22A98B822025922E0051183B /* TaskDaoDbImpl.swift in Sources */,
				B522E33B21A98E3E00B8FAF8 /* TaskInfoCell.swift in Sources */,
				22A98B802025922E0051183B /* PriorityDaoDbImpl.swift in Sources */,
				B522E34B21A9E07800B8FAF8 /* PriorityListController.swift in Sources */,
				22162C442011D694000AAED5 /* TaskListController.swift in Sources */,
				B522E33921A98E2E00B8FAF8 /* TaskDeadlineCell.swift in Sources */,
				B522E33521A9783200B8FAF8 /* TaskCategoryCell.swift in Sources */,
				22E01EC82014C2FB004B5989 /* TaskListCell.swift in Sources */,
				22759C791FDEA6E500E9A1E0 /* Planner.xcdatamodeld in Sources */,
				B55C20F921B46610006B1310 /* SideMenuController.swift in Sources */,
				B522E33321A9761B00B8FAF8 /* TaskNameCell.swift in Sources */,
				B522E33721A98DFB00B8FAF8 /* TaskPriorityCell.swift in Sources */,
				B522E34D21AAEFEA00B8FAF8 /* DictonaryController.swift in Sources */,
				B522E34521A9D5FF00B8FAF8 /* CategoryListCell.swift in Sources */,
			);
			runOnlyForDeploymentPostprocessing = 0;
		};
/* End PBXSourcesBuildPhase section */

/* Begin PBXVariantGroup section */
		22759C7C1FDEA6E500E9A1E0 /* LaunchScreen.storyboard */ = {
			isa = PBXVariantGroup;
			children = (
				22759C7D1FDEA6E500E9A1E0 /* Base */,
			);
			name = LaunchScreen.storyboard;
			sourceTree = "<group>";
		};
/* End PBXVariantGroup section */

/* Begin XCBuildConfiguration section */
		22759C801FDEA6E500E9A1E0 /* Debug */ = {
			isa = XCBuildConfiguration;
			buildSettings = {
				ALWAYS_SEARCH_USER_PATHS = NO;
				CLANG_ANALYZER_NONNULL = YES;
				CLANG_ANALYZER_NUMBER_OBJECT_CONVERSION = YES_AGGRESSIVE;
				CLANG_CXX_LANGUAGE_STANDARD = "gnu++14";
				CLANG_CXX_LIBRARY = "libc++";
				CLANG_ENABLE_MODULES = YES;
				CLANG_ENABLE_OBJC_ARC = YES;
				CLANG_WARN_BLOCK_CAPTURE_AUTORELEASING = YES;
				CLANG_WARN_BOOL_CONVERSION = YES;
				CLANG_WARN_COMMA = YES;
				CLANG_WARN_CONSTANT_CONVERSION = YES;
				CLANG_WARN_DEPRECATED_OBJC_IMPLEMENTATIONS = YES;
				CLANG_WARN_DIRECT_OBJC_ISA_USAGE = YES_ERROR;
				CLANG_WARN_DOCUMENTATION_COMMENTS = YES;
				CLANG_WARN_EMPTY_BODY = YES;
				CLANG_WARN_ENUM_CONVERSION = YES;
				CLANG_WARN_INFINITE_RECURSION = YES;
				CLANG_WARN_INT_CONVERSION = YES;
				CLANG_WARN_NON_LITERAL_NULL_CONVERSION = YES;
				CLANG_WARN_OBJC_IMPLICIT_RETAIN_SELF = YES;
				CLANG_WARN_OBJC_LITERAL_CONVERSION = YES;
				CLANG_WARN_OBJC_ROOT_CLASS = YES_ERROR;
				CLANG_WARN_RANGE_LOOP_ANALYSIS = YES;
				CLANG_WARN_STRICT_PROTOTYPES = YES;
				CLANG_WARN_SUSPICIOUS_MOVE = YES;
				CLANG_WARN_UNGUARDED_AVAILABILITY = YES_AGGRESSIVE;
				CLANG_WARN_UNREACHABLE_CODE = YES;
				CLANG_WARN__DUPLICATE_METHOD_MATCH = YES;
				CODE_SIGN_IDENTITY = "iPhone Developer";
				COPY_PHASE_STRIP = NO;
				DEBUG_INFORMATION_FORMAT = dwarf;
				ENABLE_STRICT_OBJC_MSGSEND = YES;
				ENABLE_TESTABILITY = YES;
				GCC_C_LANGUAGE_STANDARD = gnu11;
				GCC_DYNAMIC_NO_PIC = NO;
				GCC_NO_COMMON_BLOCKS = YES;
				GCC_OPTIMIZATION_LEVEL = 0;
				GCC_PREPROCESSOR_DEFINITIONS = (
					"DEBUG=1",
					"$(inherited)",
				);
				GCC_WARN_64_TO_32_BIT_CONVERSION = YES;
				GCC_WARN_ABOUT_RETURN_TYPE = YES_ERROR;
				GCC_WARN_UNDECLARED_SELECTOR = YES;
				GCC_WARN_UNINITIALIZED_AUTOS = YES_AGGRESSIVE;
				GCC_WARN_UNUSED_FUNCTION = YES;
				GCC_WARN_UNUSED_VARIABLE = YES;
				IPHONEOS_DEPLOYMENT_TARGET = 11.2;
				MTL_ENABLE_DEBUG_INFO = YES;
				ONLY_ACTIVE_ARCH = YES;
				SDKROOT = iphoneos;
				SWIFT_ACTIVE_COMPILATION_CONDITIONS = DEBUG;
				SWIFT_OPTIMIZATION_LEVEL = "-Onone";
			};
			name = Debug;
		};
		22759C811FDEA6E500E9A1E0 /* Release */ = {
			isa = XCBuildConfiguration;
			buildSettings = {
				ALWAYS_SEARCH_USER_PATHS = NO;
				CLANG_ANALYZER_NONNULL = YES;
				CLANG_ANALYZER_NUMBER_OBJECT_CONVERSION = YES_AGGRESSIVE;
				CLANG_CXX_LANGUAGE_STANDARD = "gnu++14";
				CLANG_CXX_LIBRARY = "libc++";
				CLANG_ENABLE_MODULES = YES;
				CLANG_ENABLE_OBJC_ARC = YES;
				CLANG_WARN_BLOCK_CAPTURE_AUTORELEASING = YES;
				CLANG_WARN_BOOL_CONVERSION = YES;
				CLANG_WARN_COMMA = YES;
				CLANG_WARN_CONSTANT_CONVERSION = YES;
				CLANG_WARN_DEPRECATED_OBJC_IMPLEMENTATIONS = YES;
				CLANG_WARN_DIRECT_OBJC_ISA_USAGE = YES_ERROR;
				CLANG_WARN_DOCUMENTATION_COMMENTS = YES;
				CLANG_WARN_EMPTY_BODY = YES;
				CLANG_WARN_ENUM_CONVERSION = YES;
				CLANG_WARN_INFINITE_RECURSION = YES;
				CLANG_WARN_INT_CONVERSION = YES;
				CLANG_WARN_NON_LITERAL_NULL_CONVERSION = YES;
				CLANG_WARN_OBJC_IMPLICIT_RETAIN_SELF = YES;
				CLANG_WARN_OBJC_LITERAL_CONVERSION = YES;
				CLANG_WARN_OBJC_ROOT_CLASS = YES_ERROR;
				CLANG_WARN_RANGE_LOOP_ANALYSIS = YES;
				CLANG_WARN_STRICT_PROTOTYPES = YES;
				CLANG_WARN_SUSPICIOUS_MOVE = YES;
				CLANG_WARN_UNGUARDED_AVAILABILITY = YES_AGGRESSIVE;
				CLANG_WARN_UNREACHABLE_CODE = YES;
				CLANG_WARN__DUPLICATE_METHOD_MATCH = YES;
				CODE_SIGN_IDENTITY = "iPhone Developer";
				COPY_PHASE_STRIP = NO;
				DEBUG_INFORMATION_FORMAT = "dwarf-with-dsym";
				ENABLE_NS_ASSERTIONS = NO;
				ENABLE_STRICT_OBJC_MSGSEND = YES;
				GCC_C_LANGUAGE_STANDARD = gnu11;
				GCC_NO_COMMON_BLOCKS = YES;
				GCC_WARN_64_TO_32_BIT_CONVERSION = YES;
				GCC_WARN_ABOUT_RETURN_TYPE = YES_ERROR;
				GCC_WARN_UNDECLARED_SELECTOR = YES;
				GCC_WARN_UNINITIALIZED_AUTOS = YES_AGGRESSIVE;
				GCC_WARN_UNUSED_FUNCTION = YES;
				GCC_WARN_UNUSED_VARIABLE = YES;
				IPHONEOS_DEPLOYMENT_TARGET = 11.2;
				MTL_ENABLE_DEBUG_INFO = NO;
				SDKROOT = iphoneos;
				SWIFT_OPTIMIZATION_LEVEL = "-Owholemodule";
				VALIDATE_PRODUCT = YES;
			};
			name = Release;
		};
		22759C831FDEA6E500E9A1E0 /* Debug */ = {
			isa = XCBuildConfiguration;
			baseConfigurationReference = 9979425144FBD7CD114CA42F /* Pods-Planner.debug.xcconfig */;
			buildSettings = {
				ASSETCATALOG_COMPILER_APPICON_NAME = AppIcon;
				CODE_SIGN_STYLE = Automatic;
				DEVELOPMENT_TEAM = FZZ457X95J;
				INFOPLIST_FILE = Planner/Info.plist;
				LD_RUNPATH_SEARCH_PATHS = "$(inherited) @executable_path/Frameworks";
				PRODUCT_BUNDLE_IDENTIFIER = com.grahovsky.Planner;
				PRODUCT_NAME = "$(TARGET_NAME)";
				SWIFT_VERSION = 4.2;
				TARGETED_DEVICE_FAMILY = "1,2";
			};
			name = Debug;
		};
		22759C841FDEA6E500E9A1E0 /* Release */ = {
			isa = XCBuildConfiguration;
			baseConfigurationReference = DE5F7B5628D869D5E10739A7 /* Pods-Planner.release.xcconfig */;
			buildSettings = {
				ASSETCATALOG_COMPILER_APPICON_NAME = AppIcon;
				CODE_SIGN_STYLE = Automatic;
				DEVELOPMENT_TEAM = FZZ457X95J;
				INFOPLIST_FILE = Planner/Info.plist;
				LD_RUNPATH_SEARCH_PATHS = "$(inherited) @executable_path/Frameworks";
				PRODUCT_BUNDLE_IDENTIFIER = com.grahovsky.Planner;
				PRODUCT_NAME = "$(TARGET_NAME)";
				SWIFT_VERSION = 4.2;
				TARGETED_DEVICE_FAMILY = "1,2";
			};
			name = Release;
		};
/* End XCBuildConfiguration section */

/* Begin XCConfigurationList section */
		22759C681FDEA6E500E9A1E0 /* Build configuration list for PBXProject "Planner" */ = {
			isa = XCConfigurationList;
			buildConfigurations = (
				22759C801FDEA6E500E9A1E0 /* Debug */,
				22759C811FDEA6E500E9A1E0 /* Release */,
			);
			defaultConfigurationIsVisible = 0;
			defaultConfigurationName = Release;
		};
		22759C821FDEA6E500E9A1E0 /* Build configuration list for PBXNativeTarget "Planner" */ = {
			isa = XCConfigurationList;
			buildConfigurations = (
				22759C831FDEA6E500E9A1E0 /* Debug */,
				22759C841FDEA6E500E9A1E0 /* Release */,
			);
			defaultConfigurationIsVisible = 0;
			defaultConfigurationName = Release;
		};
/* End XCConfigurationList section */

/* Begin XCVersionGroup section */
		22759C771FDEA6E500E9A1E0 /* Planner.xcdatamodeld */ = {
			isa = XCVersionGroup;
			children = (
				22759C781FDEA6E500E9A1E0 /* Planner.xcdatamodel */,
			);
			currentVersion = 22759C781FDEA6E500E9A1E0 /* Planner.xcdatamodel */;
			path = Planner.xcdatamodeld;
			sourceTree = "<group>";
			versionGroupType = wrapper.xcdatamodel;
		};
/* End XCVersionGroup section */
	};
	rootObject = 22759C651FDEA6E500E9A1E0 /* Project object */;
}
